
Microsoft Visual Studio Solution File, Format Version 12.00
# Visual Studio Version 16
VisualStudioVersion = 16.0.29318.209
MinimumVisualStudioVersion = 10.0.40219.1
Project("{FAE04EC0-301F-11D3-BF4B-00C04F79EFBC}") = "PrjKaratsuba", "PrjKaratsuba\PrjKaratsuba.csproj", "{589D37A1-23B9-44A4-9EA2-1F35A909126A}"
EndProject
Global
	GlobalSection(SolutionConfigurationPlatforms) = preSolution
		Debug|Any CPU = Debug|Any CPU
		Release|Any CPU = Release|Any CPU
	EndGlobalSection
	GlobalSection(ProjectConfigurationPlatforms) = postSolution
		{589D37A1-23B9-44A4-9EA2-1F35A909126A}.Debug|Any CPU.ActiveCfg = Debug|Any CPU
		{589D37A1-23B9-44A4-9EA2-1F35A909126A}.Debug|Any CPU.Build.0 = Debug|Any CPU
		{589D37A1-23B9-44A4-9EA2-1F35A909126A}.Release|Any CPU.ActiveCfg = Release|Any CPU
		{589D37A1-23B9-44A4-9EA2-1F35A909126A}.Release|Any CPU.Build.0 = Release|Any CPU
	EndGlobalSection
	GlobalSection(SolutionProperties) = preSolution
		HideSolutionNode = FALSE
	EndGlobalSection
	GlobalSection(ExtensibilityGlobals) = postSolution
		SolutionGuid = {64DCAB8A-2B51-4BA1-B72F-1F0480334573}
	EndGlobalSection
EndGlobal
